
Microsoft Visual Studio Solution File, Format Version 12.00
# Visual Studio Version 17
VisualStudioVersion = 17.0.31903.59
MinimumVisualStudioVersion = 10.0.40219.1
Project("{FAE04EC0-301F-11D3-BF4B-00C04F79EFBC}") = "Dima.Core", "Dima.Core\Dima.Core.csproj", "{0B8919E0-0F18-4147-A614-6CD84A684B19}"
EndProject
Project("{FAE04EC0-301F-11D3-BF4B-00C04F79EFBC}") = "Dima.Api", "Dima.Api\Dima.Api.csproj", "{FEE1281C-2208-4222-91B2-19966AEFDE77}"
EndProject
Global
	GlobalSection(SolutionConfigurationPlatforms) = preSolution
		Debug|Any CPU = Debug|Any CPU
		Release|Any CPU = Release|Any CPU
	EndGlobalSection
	GlobalSection(SolutionProperties) = preSolution
		HideSolutionNode = FALSE
	EndGlobalSection
	GlobalSection(ProjectConfigurationPlatforms) = postSolution
		{0B8919E0-0F18-4147-A614-6CD84A684B19}.Debug|Any CPU.ActiveCfg = Debug|Any CPU
		{0B8919E0-0F18-4147-A614-6CD84A684B19}.Debug|Any CPU.Build.0 = Debug|Any CPU
		{0B8919E0-0F18-4147-A614-6CD84A684B19}.Release|Any CPU.ActiveCfg = Release|Any CPU
		{0B8919E0-0F18-4147-A614-6CD84A684B19}.Release|Any CPU.Build.0 = Release|Any CPU
		{FEE1281C-2208-4222-91B2-19966AEFDE77}.Debug|Any CPU.ActiveCfg = Debug|Any CPU
		{FEE1281C-2208-4222-91B2-19966AEFDE77}.Debug|Any CPU.Build.0 = Debug|Any CPU
		{FEE1281C-2208-4222-91B2-19966AEFDE77}.Release|Any CPU.ActiveCfg = Release|Any CPU
		{FEE1281C-2208-4222-91B2-19966AEFDE77}.Release|Any CPU.Build.0 = Release|Any CPU
	EndGlobalSection
EndGlobal
